
Microsoft Visual Studio Solution File, Format Version 12.00
# Visual Studio Version 17
VisualStudioVersion = 17.14.36203.30 d17.14
MinimumVisualStudioVersion = 10.0.40219.1
Project("{FAE04EC0-301F-11D3-BF4B-00C04F79EFBC}") = "tick tack toe", "tick tack toe.csproj", "{DA812711-814A-4FED-9256-4C899E9B4909}"
EndProject
Global
	GlobalSection(SolutionConfigurationPlatforms) = preSolution
		Debug|Any CPU = Debug|Any CPU
		Release|Any CPU = Release|Any CPU
	EndGlobalSection
	GlobalSection(ProjectConfigurationPlatforms) = postSolution
		{DA812711-814A-4FED-9256-4C899E9B4909}.Debug|Any CPU.ActiveCfg = Debug|Any CPU
		{DA812711-814A-4FED-9256-4C899E9B4909}.Debug|Any CPU.Build.0 = Debug|Any CPU
		{DA812711-814A-4FED-9256-4C899E9B4909}.Release|Any CPU.ActiveCfg = Release|Any CPU
		{DA812711-814A-4FED-9256-4C899E9B4909}.Release|Any CPU.Build.0 = Release|Any CPU
	EndGlobalSection
	GlobalSection(SolutionProperties) = preSolution
		HideSolutionNode = FALSE
	EndGlobalSection
	GlobalSection(ExtensibilityGlobals) = postSolution
		SolutionGuid = {F97B54FC-7B54-4286-8A66-05CCF3459329}
	EndGlobalSection
EndGlobal
