
Microsoft Visual Studio Solution File, Format Version 12.00
# Visual Studio Version 17
VisualStudioVersion = 17.14.36203.30 d17.14
MinimumVisualStudioVersion = 10.0.40219.1
Project("{FAE04EC0-301F-11D3-BF4B-00C04F79EFBC}") = "consle program", "consle program.csproj", "{34FEEA61-4FCB-4FC6-BE6B-36AD90CB5CB4}"
EndProject
Global
	GlobalSection(SolutionConfigurationPlatforms) = preSolution
		Debug|Any CPU = Debug|Any CPU
		Release|Any CPU = Release|Any CPU
	EndGlobalSection
	GlobalSection(ProjectConfigurationPlatforms) = postSolution
		{34FEEA61-4FCB-4FC6-BE6B-36AD90CB5CB4}.Debug|Any CPU.ActiveCfg = Debug|Any CPU
		{34FEEA61-4FCB-4FC6-BE6B-36AD90CB5CB4}.Debug|Any CPU.Build.0 = Debug|Any CPU
		{34FEEA61-4FCB-4FC6-BE6B-36AD90CB5CB4}.Release|Any CPU.ActiveCfg = Release|Any CPU
		{34FEEA61-4FCB-4FC6-BE6B-36AD90CB5CB4}.Release|Any CPU.Build.0 = Release|Any CPU
	EndGlobalSection
	GlobalSection(SolutionProperties) = preSolution
		HideSolutionNode = FALSE
	EndGlobalSection
	GlobalSection(ExtensibilityGlobals) = postSolution
		SolutionGuid = {689AF269-BA20-4259-B4D7-8B8133EC21BB}
	EndGlobalSection
EndGlobal
