
Microsoft Visual Studio Solution File, Format Version 12.00
# Visual Studio Version 17
VisualStudioVersion = 17.14.36203.30 d17.14
MinimumVisualStudioVersion = 10.0.40219.1
Project("{FAE04EC0-301F-11D3-BF4B-00C04F79EFBC}") = "chooseadventure8.12.25", "chooseadventure8.12.25.csproj", "{0162FA43-7867-4816-9ED5-BB69E31FAC22}"
EndProject
Global
	GlobalSection(SolutionConfigurationPlatforms) = preSolution
		Debug|Any CPU = Debug|Any CPU
		Release|Any CPU = Release|Any CPU
	EndGlobalSection
	GlobalSection(ProjectConfigurationPlatforms) = postSolution
		{0162FA43-7867-4816-9ED5-BB69E31FAC22}.Debug|Any CPU.ActiveCfg = Debug|Any CPU
		{0162FA43-7867-4816-9ED5-BB69E31FAC22}.Debug|Any CPU.Build.0 = Debug|Any CPU
		{0162FA43-7867-4816-9ED5-BB69E31FAC22}.Release|Any CPU.ActiveCfg = Release|Any CPU
		{0162FA43-7867-4816-9ED5-BB69E31FAC22}.Release|Any CPU.Build.0 = Release|Any CPU
	EndGlobalSection
	GlobalSection(SolutionProperties) = preSolution
		HideSolutionNode = FALSE
	EndGlobalSection
	GlobalSection(ExtensibilityGlobals) = postSolution
		SolutionGuid = {D7C35225-FD47-4A84-AD6C-FAB9DFD39277}
	EndGlobalSection
EndGlobal
